
Microsoft Visual Studio Solution File, Format Version 12.00
# Visual Studio Version 16
VisualStudioVersion = 16.0.29512.175
MinimumVisualStudioVersion = 10.0.40219.1
Project("{FAE04EC0-301F-11D3-BF4B-00C04F79EFBC}") = "DRGSave", "DRGSave\DRGSave.csproj", "{55FF4876-BC64-4709-AF7F-43251DD6EBD3}"
EndProject
Project("{9A19103F-16F7-4668-BE54-9A1E7A4F7556}") = "GvasFormat", "..\gvas\gvas-converter-master\GvasFormat\GvasFormat.csproj", "{3ABCCBBC-B506-43E5-B479-7A3D9E604CE5}"
EndProject
Global
	GlobalSection(SolutionConfigurationPlatforms) = preSolution
		Debug|Any CPU = Debug|Any CPU
		Release|Any CPU = Release|Any CPU
	EndGlobalSection
	GlobalSection(ProjectConfigurationPlatforms) = postSolution
		{55FF4876-BC64-4709-AF7F-43251DD6EBD3}.Debug|Any CPU.ActiveCfg = Debug|Any CPU
		{55FF4876-BC64-4709-AF7F-43251DD6EBD3}.Debug|Any CPU.Build.0 = Debug|Any CPU
		{55FF4876-BC64-4709-AF7F-43251DD6EBD3}.Release|Any CPU.ActiveCfg = Release|Any CPU
		{55FF4876-BC64-4709-AF7F-43251DD6EBD3}.Release|Any CPU.Build.0 = Release|Any CPU
		{3ABCCBBC-B506-43E5-B479-7A3D9E604CE5}.Debug|Any CPU.ActiveCfg = Debug|Any CPU
		{3ABCCBBC-B506-43E5-B479-7A3D9E604CE5}.Debug|Any CPU.Build.0 = Debug|Any CPU
		{3ABCCBBC-B506-43E5-B479-7A3D9E604CE5}.Release|Any CPU.ActiveCfg = Release|Any CPU
		{3ABCCBBC-B506-43E5-B479-7A3D9E604CE5}.Release|Any CPU.Build.0 = Release|Any CPU
	EndGlobalSection
	GlobalSection(SolutionProperties) = preSolution
		HideSolutionNode = FALSE
	EndGlobalSection
	GlobalSection(ExtensibilityGlobals) = postSolution
		SolutionGuid = {054001C6-A7B7-476E-A9C5-C76F5519099D}
	EndGlobalSection
EndGlobal
